
Microsoft Visual Studio Solution File, Format Version 12.00
# Visual Studio Version 17
VisualStudioVersion = 17.14.36616.10 d17.14
MinimumVisualStudioVersion = 10.0.40219.1
Project("{FAE04EC0-301F-11D3-BF4B-00C04F79EFBC}") = "FizzBuzz.Game", "FizzBuzz.Game\FizzBuzz.Game.csproj", "{D799E4AC-53C4-4604-92B9-1AF9EDDE24E9}"
EndProject
Project("{FAE04EC0-301F-11D3-BF4B-00C04F79EFBC}") = "FizzBuzz.Tests", "FizzBuzz.Tests\FizzBuzz.Tests.csproj", "{B59A94DD-7E0A-4597-B790-45923B6D8770}"
EndProject
Global
	GlobalSection(SolutionConfigurationPlatforms) = preSolution
		Debug|Any CPU = Debug|Any CPU
		Release|Any CPU = Release|Any CPU
	EndGlobalSection
	GlobalSection(ProjectConfigurationPlatforms) = postSolution
		{D799E4AC-53C4-4604-92B9-1AF9EDDE24E9}.Debug|Any CPU.ActiveCfg = Debug|Any CPU
		{D799E4AC-53C4-4604-92B9-1AF9EDDE24E9}.Debug|Any CPU.Build.0 = Debug|Any CPU
		{D799E4AC-53C4-4604-92B9-1AF9EDDE24E9}.Release|Any CPU.ActiveCfg = Release|Any CPU
		{D799E4AC-53C4-4604-92B9-1AF9EDDE24E9}.Release|Any CPU.Build.0 = Release|Any CPU
		{B59A94DD-7E0A-4597-B790-45923B6D8770}.Debug|Any CPU.ActiveCfg = Debug|Any CPU
		{B59A94DD-7E0A-4597-B790-45923B6D8770}.Debug|Any CPU.Build.0 = Debug|Any CPU
		{B59A94DD-7E0A-4597-B790-45923B6D8770}.Release|Any CPU.ActiveCfg = Release|Any CPU
		{B59A94DD-7E0A-4597-B790-45923B6D8770}.Release|Any CPU.Build.0 = Release|Any CPU
	EndGlobalSection
	GlobalSection(SolutionProperties) = preSolution
		HideSolutionNode = FALSE
	EndGlobalSection
	GlobalSection(ExtensibilityGlobals) = postSolution
		SolutionGuid = {DB07F2F6-BE91-435A-B20B-090EA2DF8C11}
	EndGlobalSection
EndGlobal
